# THIS IS AN AUTOGENERATED FILE. DO NOT EDIT THIS FILE DIRECTLY.
# yarn lockfile v1


run-script-os@^1.1.6:
  version "1.1.6"
  resolved "https://registry.yarnpkg.com/run-script-os/-/run-script-os-1.1.6.tgz#8b0177fb1b54c99a670f95c7fdc54f18b9c72347"
  integrity sha512-ql6P2LzhBTTDfzKts+Qo4H94VUKpxKDFz6QxxwaUZN0mwvi7L3lpOI7BqPCq7lgDh3XLl0dpeXwfcVIitlrYrw==
